lockfileVersion: '9.0'

settings:
  autoInstallPeers: true
  excludeLinksFromLockfile: false

importers:

  .:
    dependencies:
      commander:
        specifier: ^14.0.3
        version: 14.0.3
      consola:
        specifier: ^3.4.2
        version: 3.4.2
      figlet:
        specifier: ^1.10.0
        version: 1.10.0
      fs-extra:
        specifier: ^11.3.3
        version: 11.3.3
      giget:
        specifier: ^3.1.2
        version: 3.1.2
      ora:
        specifier: ^9.3.0
        version: 9.3.0
      picocolors:
        specifier: ^1.1.1
        version: 1.1.1
      prompts:
        specifier: ^2.4.2
        version: 2.4.2
      tsup:
        specifier: ^8.5.1
        version: 8.5.1(typescript@5.9.3)
    devDependencies:
      '@types/fs-extra':
        specifier: ^11.0.4
        version: 11.0.4
      '@types/node':
        specifier: ^25.2.1
        version: 25.2.1
      '@types/prompts':
        specifier: ^2.4.9
        version: 2.4.9
      ts-node:
        specifier: ^10.9.2
        version: 10.9.2(@types/node@25.2.1)(typescript@5.9.3)
      typescript:
        specifier: ^5.9.3
        version: 5.9.3

packages:

  '@cspotcode/source-map-support@0.8.1':
    resolution: {integrity: sha1-AGKcNaaI4FqIsc2mhPudXnPwAKE=, tarball: http://artifactory.intra.ke.com/artifactory/api/npm/npm-virtual/@cspotcode/source-map-support/-/source-map-support-0.8.1.tgz}
    engines: {node: '>=12'}

  '@esbuild/aix-ppc64@0.27.3':
    resolution: {integrity: sha1-gVs5Jn+b/9NAfqbDdqwylG4k+NI=, tarball: http://artifactory.intra.ke.com/artifactory/api/npm/npm-virtual/@esbuild/aix-ppc64/-/aix-ppc64-0.27.3.tgz}
    engines: {node: '>=18'}
    cpu: [ppc64]
    os: [aix]

  '@esbuild/android-arm64@0.27.3':
    resolution: {integrity: sha1-GbiCQIgprY4SsQr/KEBxGy2jYeg=, tarball: http://artifactory.intra.ke.com/artifactory/api/npm/npm-virtual/@esbuild/android-arm64/-/android-arm64-0.27.3.tgz}
    engines: {node: '>=18'}
    cpu: [arm64]
    os: [android]

  '@esbuild/android-arm@0.27.3':
    resolution: {integrity: sha1-kL5Y3ieRXvont2f8vbN6RHBifXs=, tarball: http://artifactory.intra.ke.com/artifactory/api/npm/npm-virtual/@esbuild/android-arm/-/android-arm-0.27.3.tgz}
    engines: {node: '>=18'}
    cpu: [arm]
    os: [android]

  '@esbuild/android-x64@0.27.3':
    resolution: {integrity: sha1-19zJdvFuAamqovm5OPvsc4n4law=, tarball: http://artifactory.intra.ke.com/artifactory/api/npm/npm-virtual/@esbuild/android-x64/-/android-x64-0.27.3.tgz}
    engines: {node: '>=18'}
    cpu: [x64]
    os: [android]

  '@esbuild/darwin-arm64@0.27.3':
    resolution: {integrity: sha1-n2yscrOoUyKYpqRJPtY5qJiOir0=, tarball: http://artifactory.intra.ke.com/artifactory/api/npm/npm-virtual/@esbuild/darwin-arm64/-/darwin-arm64-0.27.3.tgz}
    engines: {node: '>=18'}
    cpu: [arm64]
    os: [darwin]

  '@esbuild/darwin-x64@0.27.3':
    resolution: {integrity: sha1-rGHWRfqjf9ZQNA8YZrCBLh+xTWo=, tarball: http://artifactory.intra.ke.com/artifactory/api/npm/npm-virtual/@esbuild/darwin-x64/-/darwin-x64-0.27.3.tgz}
    engines: {node: '>=18'}
    cpu: [x64]
    os: [darwin]

  '@esbuild/freebsd-arm64@0.27.3':
    resolution: {integrity: sha1-uGJWidc88YMP5Yw5BRrNwSR06hs=, tarball: http://artifactory.intra.ke.com/artifactory/api/npm/npm-virtual/@esbuild/freebsd-arm64/-/freebsd-arm64-0.27.3.tgz}
    engines: {node: '>=18'}
    cpu: [arm64]
    os: [freebsd]

  '@esbuild/freebsd-x64@0.27.3':
    resolution: {integrity: sha1-B75908nUL+DszSq5+d7XgLxTvq0=, tarball: http://artifactory.intra.ke.com/artifactory/api/npm/npm-virtual/@esbuild/freebsd-x64/-/freebsd-x64-0.27.3.tgz}
    engines: {node: '>=18'}
    cpu: [x64]
    os: [freebsd]

  '@esbuild/linux-arm64@0.27.3':
    resolution: {integrity: sha1-vzGRj+XHmFhkYNKz1sRu0sAcoLY=, tarball: http://artifactory.intra.ke.com/artifactory/api/npm/npm-virtual/@esbuild/linux-arm64/-/linux-arm64-0.27.3.tgz}
    engines: {node: '>=18'}
    cpu: [arm64]
    os: [linux]

  '@esbuild/linux-arm@0.27.3':
    resolution: {integrity: sha1-KEk+5Gq+wdw/UAIjzZ+NLfCPnRE=, tarball: http://artifactory.intra.ke.com/artifactory/api/npm/npm-virtual/@esbuild/linux-arm/-/linux-arm-0.27.3.tgz}
    engines: {node: '>=18'}
    cpu: [arm]
    os: [linux]

  '@esbuild/linux-ia32@0.27.3':
    resolution: {integrity: sha1-dQdSqLMLQ2R0AlYe6nZNCkHQ7ik=, tarball: http://artifactory.intra.ke.com/artifactory/api/npm/npm-virtual/@esbuild/linux-ia32/-/linux-ia32-0.27.3.tgz}
    engines: {node: '>=18'}
    cpu: [ia32]
    os: [linux]

  '@esbuild/linux-loong64@0.27.3':
    resolution: {integrity: sha1-pakoE6BOcRmMUPBa368Y/B6Vue0=, tarball: http://artifactory.intra.ke.com/artifactory/api/npm/npm-virtual/@esbuild/linux-loong64/-/linux-loong64-0.27.3.tgz}
    engines: {node: '>=18'}
    cpu: [loong64]
    os: [linux]

  '@esbuild/linux-mips64el@0.27.3':
    resolution: {integrity: sha1-3rRdf9LSFh6t8fvFk2N+12bVC7E=, tarball: http://artifactory.intra.ke.com/artifactory/api/npm/npm-virtual/@esbuild/linux-mips64el/-/linux-mips64el-0.27.3.tgz}
    engines: {node: '>=18'}
    cpu: [mips64el]
    os: [linux]

  '@esbuild/linux-ppc64@0.27.3':
    resolution: {integrity: sha1-bzmuC4xNPS1hplsm33n24SocPXg=, tarball: http://artifactory.intra.ke.com/artifactory/api/npm/npm-virtual/@esbuild/linux-ppc64/-/linux-ppc64-0.27.3.tgz}
    engines: {node: '>=18'}
    cpu: [ppc64]
    os: [linux]

  '@esbuild/linux-riscv64@0.27.3':
    resolution: {integrity: sha1-TFwZw5FmEuyOORUYcDC53wuVXB0=, tarball: http://artifactory.intra.ke.com/artifactory/api/npm/npm-virtual/@esbuild/linux-riscv64/-/linux-riscv64-0.27.3.tgz}
    engines: {node: '>=18'}
    cpu: [riscv64]
    os: [linux]

  '@esbuild/linux-s390x@0.27.3':
    resolution: {integrity: sha1-ntF7MZj6CK1cyqnnT2wK/3rQFW0=, tarball: http://artifactory.intra.ke.com/artifactory/api/npm/npm-virtual/@esbuild/linux-s390x/-/linux-s390x-0.27.3.tgz}
    engines: {node: '>=18'}
    cpu: [s390x]
    os: [linux]

  '@esbuild/linux-x64@0.27.3':
    resolution: {integrity: sha1-Ejg9y/cbfPZRPli0sI2VpxC/UqU=, tarball: http://artifactory.intra.ke.com/artifactory/api/npm/npm-virtual/@esbuild/linux-x64/-/linux-x64-0.27.3.tgz}
    engines: {node: '>=18'}
    cpu: [x64]
    os: [linux]

  '@esbuild/netbsd-arm64@0.27.3':
    resolution: {integrity: sha1-3Qyy+lQyBfzZMd9E9Hhr/M5t99c=, tarball: http://artifactory.intra.ke.com/artifactory/api/npm/npm-virtual/@esbuild/netbsd-arm64/-/netbsd-arm64-0.27.3.tgz}
    engines: {node: '>=18'}
    cpu: [arm64]
    os: [netbsd]

  '@esbuild/netbsd-x64@0.27.3':
    resolution: {integrity: sha1-AorRgHqOA+FVFTstAltQbDeHNUs=, tarball: http://artifactory.intra.ke.com/artifactory/api/npm/npm-virtual/@esbuild/netbsd-x64/-/netbsd-x64-0.27.3.tgz}
    engines: {node: '>=18'}
    cpu: [x64]
    os: [netbsd]

  '@esbuild/openbsd-arm64@0.27.3':
    resolution: {integrity: sha1-48Fv80kMm1m5af/8qH81D/wOKvU=, tarball: http://artifactory.intra.ke.com/artifactory/api/npm/npm-virtual/@esbuild/openbsd-arm64/-/openbsd-arm64-0.27.3.tgz}
    engines: {node: '>=18'}
    cpu: [arm64]
    os: [openbsd]

  '@esbuild/openbsd-x64@0.27.3':
    resolution: {integrity: sha1-xaRpP8sD0cvsv4tCJCJGjfwNKos=, tarball: http://artifactory.intra.ke.com/artifactory/api/npm/npm-virtual/@esbuild/openbsd-x64/-/openbsd-x64-0.27.3.tgz}
    engines: {node: '>=18'}
    cpu: [x64]
    os: [openbsd]

  '@esbuild/openharmony-arm64@0.27.3':
    resolution: {integrity: sha1-CCCCRE8S21ZKB3WkHhmRwOElBV4=, tarball: http://artifactory.intra.ke.com/artifactory/api/npm/npm-virtual/@esbuild/openharmony-arm64/-/openharmony-arm64-0.27.3.tgz}
    engines: {node: '>=18'}
    cpu: [arm64]
    os: [openharmony]

  '@esbuild/sunos-x64@0.27.3':
    resolution: {integrity: sha1-WrA2xT+SnoQFxOluhlpCQWChtTc=, tarball: http://artifactory.intra.ke.com/artifactory/api/npm/npm-virtual/@esbuild/sunos-x64/-/sunos-x64-0.27.3.tgz}
    engines: {node: '>=18'}
    cpu: [x64]
    os: [sunos]

  '@esbuild/win32-arm64@0.27.3':
    resolution: {integrity: sha1-ON5wDvS5YKAEU3DBcXlFJuWJhi4=, tarball: http://artifactory.intra.ke.com/artifactory/api/npm/npm-virtual/@esbuild/win32-arm64/-/win32-arm64-0.27.3.tgz}
    engines: {node: '>=18'}
    cpu: [arm64]
    os: [win32]

  '@esbuild/win32-ia32@0.27.3':
    resolution: {integrity: sha1-RRuT3APsXU84YZ5s1k2fnv8G9Vw=, tarball: http://artifactory.intra.ke.com/artifactory/api/npm/npm-virtual/@esbuild/win32-ia32/-/win32-ia32-0.27.3.tgz}
    engines: {node: '>=18'}
    cpu: [ia32]
    os: [win32]

  '@esbuild/win32-x64@0.27.3':
    resolution: {integrity: sha1-Dq9wXJQaIYpD26jgnx3x1s0vHxc=, tarball: http://artifactory.intra.ke.com/artifactory/api/npm/npm-virtual/@esbuild/win32-x64/-/win32-x64-0.27.3.tgz}
    engines: {node: '>=18'}
    cpu: [x64]
    os: [win32]

  '@jridgewell/gen-mapping@0.3.13':
    resolution: {integrity: sha1-Y0Khn0Q0dRjJPkOxrGnes8Rlah8=, tarball: http://artifactory.intra.ke.com/artifactory/api/npm/npm-virtual/@jridgewell/gen-mapping/-/gen-mapping-0.3.13.tgz}

  '@jridgewell/resolve-uri@3.1.2':
    resolution: {integrity: sha1-eg7mAfYPmaIMfHxf8MgDiMEYm9Y=, tarball: http://artifactory.intra.ke.com/artifactory/api/npm/npm-virtual/@jridgewell/resolve-uri/-/resolve-uri-3.1.2.tgz}
    engines: {node: '>=6.0.0'}

  '@jridgewell/sourcemap-codec@1.5.5':
    resolution: {integrity: sha1-aRKwDSxjHA0Vzhp6tXzWV/Ko+Lo=, tarball: http://artifactory.intra.ke.com/artifactory/api/npm/npm-virtual/@jridgewell/sourcemap-codec/-/sourcemap-codec-1.5.5.tgz}

  '@jridgewell/trace-mapping@0.3.31':
    resolution: {integrity: sha1-2xXWeByTHzolGj2sOVAcmKYIL9A=, tarball: http://artifactory.intra.ke.com/artifactory/api/npm/npm-virtual/@jridgewell/trace-mapping/-/trace-mapping-0.3.31.tgz}

  '@jridgewell/trace-mapping@0.3.9':
    resolution: {integrity: sha1-ZTT9WTOlO6fL86F2FeJzoNEnP/k=, tarball: http://artifactory.intra.ke.com/artifactory/api/npm/npm-virtual/@jridgewell/trace-mapping/-/trace-mapping-0.3.9.tgz}

  '@rollup/rollup-android-arm-eabi@4.57.1':
    resolution: {integrity: sha1-rdXmCNTnvlW8PKPZYkkLixiQ4Ig=, tarball: http://artifactory.intra.ke.com/artifactory/api/npm/npm-virtual/@rollup/rollup-android-arm-eabi/-/rollup-android-arm-eabi-4.57.1.tgz}
    cpu: [arm]
    os: [android]

  '@rollup/rollup-android-arm64@4.57.1':
    resolution: {integrity: sha1-EL0Dgrc1kr7ubpgAppQBop2mJcQ=, tarball: http://artifactory.intra.ke.com/artifactory/api/npm/npm-virtual/@rollup/rollup-android-arm64/-/rollup-android-arm64-4.57.1.tgz}
    cpu: [arm64]
    os: [android]

  '@rollup/rollup-darwin-arm64@4.57.1':
    resolution: {integrity: sha1-HpmrBMC4xhnde73nJborh7Vb/YE=, tarball: http://artifactory.intra.ke.com/artifactory/api/npm/npm-virtual/@rollup/rollup-darwin-arm64/-/rollup-darwin-arm64-4.57.1.tgz}
    cpu: [arm64]
    os: [darwin]

  '@rollup/rollup-darwin-x64@4.57.1':
    resolution: {integrity: sha1-aedBrrKDnS6PDaLOejPYvSNjJCM=, tarball: http://artifactory.intra.ke.com/artifactory/api/npm/npm-virtual/@rollup/rollup-darwin-x64/-/rollup-darwin-x64-4.57.1.tgz}
    cpu: [x64]
    os: [darwin]

  '@rollup/rollup-freebsd-arm64@4.57.1':
    resolution: {integrity: sha1-NzbCMqmZx773ExNV2D69+WUaCDk=, tarball: http://artifactory.intra.ke.com/artifactory/api/npm/npm-virtual/@rollup/rollup-freebsd-arm64/-/rollup-freebsd-arm64-4.57.1.tgz}
    cpu: [arm64]
    os: [freebsd]

  '@rollup/rollup-freebsd-x64@4.57.1':
    resolution: {integrity: sha1-In3Lj0ZmhAcBaZQr05mJAcm/wGU=, tarball: http://artifactory.intra.ke.com/artifactory/api/npm/npm-virtual/@rollup/rollup-freebsd-x64/-/rollup-freebsd-x64-4.57.1.tgz}
    cpu: [x64]
    os: [freebsd]

  '@rollup/rollup-linux-arm-gnueabihf@4.57.1':
    resolution: {integrity: sha1-ugBLMN8xtyT5nOZucSgki+oXyww=, tarball: http://artifactory.intra.ke.com/artifactory/api/npm/npm-virtual/@rollup/rollup-linux-arm-gnueabihf/-/rollup-linux-arm-gnueabihf-4.57.1.tgz}
    cpu: [arm]
    os: [linux]
    libc: [glibc]

  '@rollup/rollup-linux-arm-musleabihf@4.57.1':
    resolution: {integrity: sha1-aSnz4HvmttpZkfY8a2iz5HPQplo=, tarball: http://artifactory.intra.ke.com/artifactory/api/npm/npm-virtual/@rollup/rollup-linux-arm-musleabihf/-/rollup-linux-arm-musleabihf-4.57.1.tgz}
    cpu: [arm]
    os: [linux]
    libc: [musl]

  '@rollup/rollup-linux-arm64-gnu@4.57.1':
    resolution: {integrity: sha1-Buif1KJdIf5VddYLb5E8DmUpe/o=, tarball: http://artifactory.intra.ke.com/artifactory/api/npm/npm-virtual/@rollup/rollup-linux-arm64-gnu/-/rollup-linux-arm64-gnu-4.57.1.tgz}
    cpu: [arm64]
    os: [linux]
    libc: [glibc]

  '@rollup/rollup-linux-arm64-musl@4.57.1':
    resolution: {integrity: sha1-/dq/OVuQmQ1RlAOObNjAAVbtisA=, tarball: http://artifactory.intra.ke.com/artifactory/api/npm/npm-virtual/@rollup/rollup-linux-arm64-musl/-/rollup-linux-arm64-musl-4.57.1.tgz}
    cpu: [arm64]
    os: [linux]
    libc: [musl]

  '@rollup/rollup-linux-loong64-gnu@4.57.1':
    resolution: {integrity: sha1-BMELt2S78Jo8G9kEMukvWNZgPDY=, tarball: http://artifactory.intra.ke.com/artifactory/api/npm/npm-virtual/@rollup/rollup-linux-loong64-gnu/-/rollup-linux-loong64-gnu-4.57.1.tgz}
    cpu: [loong64]
    os: [linux]
    libc: [glibc]

  '@rollup/rollup-linux-loong64-musl@4.57.1':
    resolution: {integrity: sha1-8kUDYXkN6AWB2Gh+oZFC2KTeXA8=, tarball: http://artifactory.intra.ke.com/artifactory/api/npm/npm-virtual/@rollup/rollup-linux-loong64-musl/-/rollup-linux-loong64-musl-4.57.1.tgz}
    cpu: [loong64]
    os: [linux]
    libc: [musl]

  '@rollup/rollup-linux-ppc64-gnu@4.57.1':
    resolution: {integrity: sha1-BHT0ZnJZ5Afu4abTjikEG3CPajA=, tarball: http://artifactory.intra.ke.com/artifactory/api/npm/npm-virtual/@rollup/rollup-linux-ppc64-gnu/-/rollup-linux-ppc64-gnu-4.57.1.tgz}
    cpu: [ppc64]
    os: [linux]
    libc: [glibc]

  '@rollup/rollup-linux-ppc64-musl@4.57.1':
    resolution: {integrity: sha1-nzIHSBnusd2+UfUOqdzWGmdF7DM=, tarball: http://artifactory.intra.ke.com/artifactory/api/npm/npm-virtual/@rollup/rollup-linux-ppc64-musl/-/rollup-linux-ppc64-musl-4.57.1.tgz}
    cpu: [ppc64]
    os: [linux]
    libc: [musl]

  '@rollup/rollup-linux-riscv64-gnu@4.57.1':
    resolution: {integrity: sha1-P9udSx4p+2tqbanxVlTULrd7mbI=, tarball: http://artifactory.intra.ke.com/artifactory/api/npm/npm-virtual/@rollup/rollup-linux-riscv64-gnu/-/rollup-linux-riscv64-gnu-4.57.1.tgz}
    cpu: [riscv64]
    os: [linux]
    libc: [glibc]

  '@rollup/rollup-linux-riscv64-musl@4.57.1':
    resolution: {integrity: sha1-HeeA1k5r4OPodiA1wi4NjqaN+O0=, tarball: http://artifactory.intra.ke.com/artifactory/api/npm/npm-virtual/@rollup/rollup-linux-riscv64-musl/-/rollup-linux-riscv64-musl-4.57.1.tgz}
    cpu: [riscv64]
    os: [linux]
    libc: [musl]

  '@rollup/rollup-linux-s390x-gnu@4.57.1':
    resolution: {integrity: sha1-HaAi/9LZ6fD9g0TqSeETAB+8rGQ=, tarball: http://artifactory.intra.ke.com/artifactory/api/npm/npm-virtual/@rollup/rollup-linux-s390x-gnu/-/rollup-linux-s390x-gnu-4.57.1.tgz}
    cpu: [s390x]
    os: [linux]
    libc: [glibc]

  '@rollup/rollup-linux-x64-gnu@4.57.1':
    resolution: {integrity: sha1-eMFu75UgvRDh6noRJZO7WOKEJiI=, tarball: http://artifactory.intra.ke.com/artifactory/api/npm/npm-virtual/@rollup/rollup-linux-x64-gnu/-/rollup-linux-x64-gnu-4.57.1.tgz}
    cpu: [x64]
    os: [linux]
    libc: [glibc]

  '@rollup/rollup-linux-x64-musl@4.57.1':
    resolution: {integrity: sha1-p1mFkbTZr5bLMWe1Clvx4C3+oGw=, tarball: http://artifactory.intra.ke.com/artifactory/api/npm/npm-virtual/@rollup/rollup-linux-x64-musl/-/rollup-linux-x64-musl-4.57.1.tgz}
    cpu: [x64]
    os: [linux]
    libc: [musl]

  '@rollup/rollup-openbsd-x64@4.57.1':
    resolution: {integrity: sha1-xR1IwHzWxGZWDlvtk0rsaIzgJhQ=, tarball: http://artifactory.intra.ke.com/artifactory/api/npm/npm-virtual/@rollup/rollup-openbsd-x64/-/rollup-openbsd-x64-4.57.1.tgz}
    cpu: [x64]
    os: [openbsd]

  '@rollup/rollup-openharmony-arm64@4.57.1':
    resolution: {integrity: sha1-8Jkh0LKgtgr781htKnp/IIum3xc=, tarball: http://artifactory.intra.ke.com/artifactory/api/npm/npm-virtual/@rollup/rollup-openharmony-arm64/-/rollup-openharmony-arm64-4.57.1.tgz}
    cpu: [arm64]
    os: [openharmony]

  '@rollup/rollup-win32-arm64-msvc@4.57.1':
    resolution: {integrity: sha1-CNSRcXE1N25KmVKYIclOzUM9WzY=, tarball: http://artifactory.intra.ke.com/artifactory/api/npm/npm-virtual/@rollup/rollup-win32-arm64-msvc/-/rollup-win32-arm64-msvc-4.57.1.tgz}
    cpu: [arm64]
    os: [win32]

  '@rollup/rollup-win32-ia32-msvc@4.57.1':
    resolution: {integrity: sha1-sMEqrBEEqLjyal4AmOX6y7Pjlko=, tarball: http://artifactory.intra.ke.com/artifactory/api/npm/npm-virtual/@rollup/rollup-win32-ia32-msvc/-/rollup-win32-ia32-msvc-4.57.1.tgz}
    cpu: [ia32]
    os: [win32]

  '@rollup/rollup-win32-x64-gnu@4.57.1':
    resolution: {integrity: sha1-uczO8m9eb9wBO/PAkRo8d0KFCdA=, tarball: http://artifactory.intra.ke.com/artifactory/api/npm/npm-virtual/@rollup/rollup-win32-x64-gnu/-/rollup-win32-x64-gnu-4.57.1.tgz}
    cpu: [x64]
    os: [win32]

  '@rollup/rollup-win32-x64-msvc@4.57.1':
    resolution: {integrity: sha1-oDNI57VZx5K2J3zFiHS4nvRuHnI=, tarball: http://artifactory.intra.ke.com/artifactory/api/npm/npm-virtual/@rollup/rollup-win32-x64-msvc/-/rollup-win32-x64-msvc-4.57.1.tgz}
    cpu: [x64]
    os: [win32]

  '@tsconfig/node10@1.0.12':
    resolution: {integrity: sha1-vlfOrB5GkrQb6d5r6MMqEGY226Q=, tarball: http://artifactory.intra.ke.com/artifactory/api/npm/npm-virtual/@tsconfig/node10/-/node10-1.0.12.tgz}

  '@tsconfig/node12@1.0.11':
    resolution: {integrity: sha1-7j3vHyfZ7WbaxuRqKVz/sBUuBY0=, tarball: http://artifactory.intra.ke.com/artifactory/api/npm/npm-virtual/@tsconfig/node12/-/node12-1.0.11.tgz}

  '@tsconfig/node14@1.0.3':
    resolution: {integrity: sha1-5DhjFihPALmENb9A9y91oJ2r9sE=, tarball: http://artifactory.intra.ke.com/artifactory/api/npm/npm-virtual/@tsconfig/node14/-/node14-1.0.3.tgz}

  '@tsconfig/node16@1.0.4':
    resolution: {integrity: sha1-C5LcwMwcgfbzBqOB8o4xsaVlNuk=, tarball: http://artifactory.intra.ke.com/artifactory/api/npm/npm-virtual/@tsconfig/node16/-/node16-1.0.4.tgz}

  '@types/estree@1.0.8':
    resolution: {integrity: sha1-lYuRyZGxhnztMYvt6g4hXuBQcm4=, tarball: http://artifactory.intra.ke.com/artifactory/api/npm/npm-virtual/@types/estree/-/estree-1.0.8.tgz}

  '@types/fs-extra@11.0.4':
    resolution: {integrity: sha1-4WqGO7iEP7qMUAQ2K1pz4XvsykU=, tarball: http://artifactory.intra.ke.com/artifactory/api/npm/npm-virtual/@types/fs-extra/-/fs-extra-11.0.4.tgz}

  '@types/jsonfile@6.1.4':
    resolution: {integrity: sha1-YUr+waEWTn1nC0p61k3z5763twI=, tarball: http://artifactory.intra.ke.com/artifactory/api/npm/npm-virtual/@types/jsonfile/-/jsonfile-6.1.4.tgz}

  '@types/node@25.2.1':
    resolution: {integrity: sha1-N4Ah+edlu2W6Nt4W88OoYiwfoD0=, tarball: http://artifactory.intra.ke.com/artifactory/api/npm/npm-virtual/@types/node/-/node-25.2.1.tgz}

  '@types/prompts@2.4.9':
    resolution: {integrity: sha1-h3WjHkCtInr1EaoNfxmgRMy9Nx4=, tarball: http://artifactory.intra.ke.com/artifactory/api/npm/npm-virtual/@types/prompts/-/prompts-2.4.9.tgz}

  acorn-walk@8.3.4:
    resolution: {integrity: sha1-eU3RacOXft9LpOpHWDWHxYZiNrc=, tarball: http://artifactory.intra.ke.com/artifactory/api/npm/npm-virtual/acorn-walk/-/acorn-walk-8.3.4.tgz}
    engines: {node: '>=0.4.0'}

  acorn@8.15.0:
    resolution: {integrity: sha1-o2CJi8QV7arEbIJB9jg5dbkwuBY=, tarball: http://artifactory.intra.ke.com/artifactory/api/npm/npm-virtual/acorn/-/acorn-8.15.0.tgz}
    engines: {node: '>=0.4.0'}
    hasBin: true

  ansi-regex@6.2.2:
    resolution: {integrity: sha1-YCFu6kZNhkWXzigyAAc4oFiWUME=, tarball: http://artifactory.intra.ke.com/artifactory/api/npm/npm-virtual/ansi-regex/-/ansi-regex-6.2.2.tgz}
    engines: {node: '>=12'}

  any-promise@1.3.0:
    resolution: {integrity: sha1-q8av7tzqUugJzcA3au0845Y10X8=, tarball: http://artifactory.intra.ke.com/artifactory/api/npm/npm-virtual/any-promise/-/any-promise-1.3.0.tgz}

  arg@4.1.3:
    resolution: {integrity: sha1-Jp/HrVuOQstjyJbVZmAXJhwUQIk=, tarball: http://artifactory.intra.ke.com/artifactory/api/npm/npm-virtual/arg/-/arg-4.1.3.tgz}

  bundle-require@5.1.0:
    resolution: {integrity: sha1-jbZvQZUNo9d68e8zIvTD4EAJ+u4=, tarball: http://artifactory.intra.ke.com/artifactory/api/npm/npm-virtual/bundle-require/-/bundle-require-5.1.0.tgz}
    engines: {node: ^12.20.0 || ^14.13.1 || >=16.0.0}
    peerDependencies:
      esbuild: '>=0.18'

  cac@6.7.14:
    resolution: {integrity: sha1-gE4eb1Bu42PLDjzLsJytXdmHCVk=, tarball: http://artifactory.intra.ke.com/artifactory/api/npm/npm-virtual/cac/-/cac-6.7.14.tgz}
    engines: {node: '>=8'}

  chalk@5.6.2:
    resolution: {integrity: sha1-sSOLbiPqM3r3HH+KKV21rwwViuo=, tarball: http://artifactory.intra.ke.com/artifactory/api/npm/npm-virtual/chalk/-/chalk-5.6.2.tgz}
    engines: {node: ^12.17.0 || ^14.13 || >=16.0.0}

  chokidar@4.0.3:
    resolution: {integrity: sha1-e+N6TAPJruHs/oYqSiOyxwwgXTA=, tarball: http://artifactory.intra.ke.com/artifactory/api/npm/npm-virtual/chokidar/-/chokidar-4.0.3.tgz}
    engines: {node: '>= 14.16.0'}

  cli-cursor@5.0.0:
    resolution: {integrity: sha1-JKSDHs9aawHd6zL7caSyCIsNzjg=, tarball: http://artifactory.intra.ke.com/artifactory/api/npm/npm-virtual/cli-cursor/-/cli-cursor-5.0.0.tgz}
    engines: {node: '>=18'}

  cli-spinners@3.4.0:
    resolution: {integrity: sha1-HxH21IxOW8aEn8tO+g3Jj55ymeo=, tarball: http://artifactory.intra.ke.com/artifactory/api/npm/npm-virtual/cli-spinners/-/cli-spinners-3.4.0.tgz}
    engines: {node: '>=18.20'}

  commander@14.0.3:
    resolution: {integrity: sha1-Ql15tI+a+C/Nnk/B6or2xewHu8I=, tarball: http://artifactory.intra.ke.com/artifactory/api/npm/npm-virtual/commander/-/commander-14.0.3.tgz}
    engines: {node: '>=20'}

  commander@4.1.1:
    resolution: {integrity: sha1-n9YCvZNilOnp70aj9NaWQESxgGg=, tarball: http://artifactory.intra.ke.com/artifactory/api/npm/npm-virtual/commander/-/commander-4.1.1.tgz}
    engines: {node: '>= 6'}

  confbox@0.1.8:
    resolution: {integrity: sha1-gg1z07PILZvZEGUsXU1Znvj/iwY=, tarball: http://artifactory.intra.ke.com/artifactory/api/npm/npm-virtual/confbox/-/confbox-0.1.8.tgz}

  consola@3.4.2:
    resolution: {integrity: sha1-WvEQFFOXu2ev2rdwE/3DTK5ZDqc=, tarball: http://artifactory.intra.ke.com/artifactory/api/npm/npm-virtual/consola/-/consola-3.4.2.tgz}
    engines: {node: ^14.18.0 || >=16.10.0}

  create-require@1.1.1:
    resolution: {integrity: sha1-wdfo8eX2z8n/ZfnNNS03NIdWwzM=, tarball: http://artifactory.intra.ke.com/artifactory/api/npm/npm-virtual/create-require/-/create-require-1.1.1.tgz}

  debug@4.4.3:
    resolution: {integrity: sha1-xq5DLZvZZiWC/OCHCbA4xY6ePWo=, tarball: http://artifactory.intra.ke.com/artifactory/api/npm/npm-virtual/debug/-/debug-4.4.3.tgz}
    engines: {node: '>=6.0'}
    peerDependencies:
      supports-color: '*'
    peerDependenciesMeta:
      supports-color:
        optional: true

  diff@4.0.4:
    resolution: {integrity: sha1-em2/2jJfJfB1F+m1GPiXwIMy4H0=, tarball: http://artifactory.intra.ke.com/artifactory/api/npm/npm-virtual/diff/-/diff-4.0.4.tgz}
    engines: {node: '>=0.3.1'}

  esbuild@0.27.3:
    resolution: {integrity: sha1-WFnKjnCjr5VrJolc5JVNfnO9J6g=, tarball: http://artifactory.intra.ke.com/artifactory/api/npm/npm-virtual/esbuild/-/esbuild-0.27.3.tgz}
    engines: {node: '>=18'}
    hasBin: true

  fdir@6.5.0:
    resolution: {integrity: sha1-7Sq5Z6MxreYvGNB32uGSaE1Q01A=, tarball: http://artifactory.intra.ke.com/artifactory/api/npm/npm-virtual/fdir/-/fdir-6.5.0.tgz}
    engines: {node: '>=12.0.0'}
    peerDependencies:
      picomatch: ^3 || ^4
    peerDependenciesMeta:
      picomatch:
        optional: true

  figlet@1.10.0:
    resolution: {integrity: sha1-F3aJ0xCO+NtVZiDa/uMcEpdiitU=, tarball: http://artifactory.intra.ke.com/artifactory/api/npm/npm-virtual/figlet/-/figlet-1.10.0.tgz}
    engines: {node: '>= 17.0.0'}
    hasBin: true

  fix-dts-default-cjs-exports@1.0.1:
    resolution: {integrity: sha1-lVy2s9UZaRxXgosHitrfLLkulUk=, tarball: http://artifactory.intra.ke.com/artifactory/api/npm/npm-virtual/fix-dts-default-cjs-exports/-/fix-dts-default-cjs-exports-1.0.1.tgz}

  fs-extra@11.3.3:
    resolution: {integrity: sha1-on2iO3JSToGsbDgVzAF5uMdMWe4=, tarball: http://artifactory.intra.ke.com/artifactory/api/npm/npm-virtual/fs-extra/-/fs-extra-11.3.3.tgz}
    engines: {node: '>=14.14'}

  fsevents@2.3.3:
    resolution: {integrity: sha1-ysZAd4XQNnWipeGlMFxpezR9kNY=, tarball: http://artifactory.intra.ke.com/artifactory/api/npm/npm-virtual/fsevents/-/fsevents-2.3.3.tgz}
    engines: {node: ^8.16.0 || ^10.6.0 || >=11.0.0}
    os: [darwin]

  get-east-asian-width@1.4.0:
    resolution: {integrity: sha1-m8TKoTFwK0thcpy35Cc1vFUMnuY=, tarball: http://artifactory.intra.ke.com/artifactory/api/npm/npm-virtual/get-east-asian-width/-/get-east-asian-width-1.4.0.tgz}
    engines: {node: '>=18'}

  giget@3.1.2:
    resolution: {integrity: sha1-b6mEG2IgsdF48Jxk2gZh9tqAFQg=, tarball: http://artifactory.intra.ke.com/artifactory/api/npm/npm-virtual/giget/-/giget-3.1.2.tgz}
    hasBin: true

  graceful-fs@4.2.11:
    resolution: {integrity: sha1-QYPk6L8Iu24Fu7L30uDI9xLKQOM=, tarball: http://artifactory.intra.ke.com/artifactory/api/npm/npm-virtual/graceful-fs/-/graceful-fs-4.2.11.tgz}

  is-interactive@2.0.0:
    resolution: {integrity: sha1-QMV2FFk4JtoRAK3mBZd41ZfxbpA=, tarball: http://artifactory.intra.ke.com/artifactory/api/npm/npm-virtual/is-interactive/-/is-interactive-2.0.0.tgz}
    engines: {node: '>=12'}

  is-unicode-supported@2.1.0:
    resolution: {integrity: sha1-CfCrDebTdE1I0mXruY9l0R8qmzo=, tarball: http://artifactory.intra.ke.com/artifactory/api/npm/npm-virtual/is-unicode-supported/-/is-unicode-supported-2.1.0.tgz}
    engines: {node: '>=18'}

  joycon@3.1.1:
    resolution: {integrity: sha1-vOhZbWroCPi2gWj1/GkoCZaJTwM=, tarball: http://artifactory.intra.ke.com/artifactory/api/npm/npm-virtual/joycon/-/joycon-3.1.1.tgz}
    engines: {node: '>=10'}

  jsonfile@6.2.0:
    resolution: {integrity: sha1-fCZb0bZd5pd0eDAAh8mfHIQ4P2I=, tarball: http://artifactory.intra.ke.com/artifactory/api/npm/npm-virtual/jsonfile/-/jsonfile-6.2.0.tgz}

  kleur@3.0.3:
    resolution: {integrity: sha1-p5yezIbuHOP6YgbRIWxQHxR/wH4=, tarball: http://artifactory.intra.ke.com/artifactory/api/npm/npm-virtual/kleur/-/kleur-3.0.3.tgz}
    engines: {node: '>=6'}

  lilconfig@3.1.3:
    resolution: {integrity: sha1-obz9Ylf5WFv1rhTO7rt7VZAl5MQ=, tarball: http://artifactory.intra.ke.com/artifactory/api/npm/npm-virtual/lilconfig/-/lilconfig-3.1.3.tgz}
    engines: {node: '>=14'}

  lines-and-columns@1.2.4:
    resolution: {integrity: sha1-7KKE910pZQeTCdwK2SVauy68FjI=, tarball: http://artifactory.intra.ke.com/artifactory/api/npm/npm-virtual/lines-and-columns/-/lines-and-columns-1.2.4.tgz}

  load-tsconfig@0.2.5:
    resolution: {integrity: sha1-RTuM2JYb+5Et6nfrbBaP6Myj06E=, tarball: http://artifactory.intra.ke.com/artifactory/api/npm/npm-virtual/load-tsconfig/-/load-tsconfig-0.2.5.tgz}
    engines: {node: ^12.20.0 || ^14.13.1 || >=16.0.0}

  log-symbols@7.0.1:
    resolution: {integrity: sha1-9S5oA32W9Yn8Vy/yGT3EJNSMGVs=, tarball: http://artifactory.intra.ke.com/artifactory/api/npm/npm-virtual/log-symbols/-/log-symbols-7.0.1.tgz}
    engines: {node: '>=18'}

  magic-string@0.30.21:
    resolution: {integrity: sha1-VnY+wJoPqAkd8nh5/ZTRkHjADZE=, tarball: http://artifactory.intra.ke.com/artifactory/api/npm/npm-virtual/magic-string/-/magic-string-0.30.21.tgz}

  make-error@1.3.6:
    resolution: {integrity: sha1-LrLjfqm2fEiR9oShOUeZr0hM96I=, tarball: http://artifactory.intra.ke.com/artifactory/api/npm/npm-virtual/make-error/-/make-error-1.3.6.tgz}

  mimic-function@5.0.1:
    resolution: {integrity: sha1-rL4rM0n5m53qyn+3Dki4PpTmcHY=, tarball: http://artifactory.intra.ke.com/artifactory/api/npm/npm-virtual/mimic-function/-/mimic-function-5.0.1.tgz}
    engines: {node: '>=18'}

  mlly@1.8.0:
    resolution: {integrity: sha1-4HRhK5OK+Ouh6vQymcvInLctgk4=, tarball: http://artifactory.intra.ke.com/artifactory/api/npm/npm-virtual/mlly/-/mlly-1.8.0.tgz}

  ms@2.1.3:
    resolution: {integrity: sha1-V0yBOM4dK1hh8LRFedut1gxmFbI=, tarball: http://artifactory.intra.ke.com/artifactory/api/npm/npm-virtual/ms/-/ms-2.1.3.tgz}

  mz@2.7.0:
    resolution: {integrity: sha1-lQCAV6Vsr63CvGPd5/n/aVWUjjI=, tarball: http://artifactory.intra.ke.com/artifactory/api/npm/npm-virtual/mz/-/mz-2.7.0.tgz}

  object-assign@4.1.1:
    resolution: {integrity: sha1-IQmtx5ZYh8/AXLvUQsrIv7s2CGM=, tarball: http://artifactory.intra.ke.com/artifactory/api/npm/npm-virtual/object-assign/-/object-assign-4.1.1.tgz}
    engines: {node: '>=0.10.0'}

  onetime@7.0.0:
    resolution: {integrity: sha1-nxbJLYye9RIOOs2d2ZV8zuzBq2A=, tarball: http://artifactory.intra.ke.com/artifactory/api/npm/npm-virtual/onetime/-/onetime-7.0.0.tgz}
    engines: {node: '>=18'}

  ora@9.3.0:
    resolution: {integrity: sha1-GHyHzBBiNQ9Un0gd4yv5FCTCsOM=, tarball: http://artifactory.intra.ke.com/artifactory/api/npm/npm-virtual/ora/-/ora-9.3.0.tgz}
    engines: {node: '>=20'}

  pathe@2.0.3:
    resolution: {integrity: sha1-PsvsVUIWhbcKnahyss/z4cvtFxY=, tarball: http://artifactory.intra.ke.com/artifactory/api/npm/npm-virtual/pathe/-/pathe-2.0.3.tgz}

  picocolors@1.1.1:
    resolution: {integrity: sha1-PTIa8+q5ObCDyPkpodEs2oHCa2s=, tarball: http://artifactory.intra.ke.com/artifactory/api/npm/npm-virtual/picocolors/-/picocolors-1.1.1.tgz}

  picomatch@4.0.3:
    resolution: {integrity: sha1-eWx2E20e6tcV2x57rXhd7daVoEI=, tarball: http://artifactory.intra.ke.com/artifactory/api/npm/npm-virtual/picomatch/-/picomatch-4.0.3.tgz}
    engines: {node: '>=12'}

  pirates@4.0.7:
    resolution: {integrity: sha1-ZDtKGMQlfIplEEtz8wSc6aChXiI=, tarball: http://artifactory.intra.ke.com/artifactory/api/npm/npm-virtual/pirates/-/pirates-4.0.7.tgz}
    engines: {node: '>= 6'}

  pkg-types@1.3.1:
    resolution: {integrity: sha1-vXzHCIEZJ3fu9TJsGd60bokJF98=, tarball: http://artifactory.intra.ke.com/artifactory/api/npm/npm-virtual/pkg-types/-/pkg-types-1.3.1.tgz}

  postcss-load-config@6.0.1:
    resolution: {integrity: sha1-b9fc2K6JutzxstZESJy6v4OqgJY=, tarball: http://artifactory.intra.ke.com/artifactory/api/npm/npm-virtual/postcss-load-config/-/postcss-load-config-6.0.1.tgz}
    engines: {node: '>= 18'}
    peerDependencies:
      jiti: '>=1.21.0'
      postcss: '>=8.0.9'
      tsx: ^4.8.1
      yaml: ^2.4.2
    peerDependenciesMeta:
      jiti:
        optional: true
      postcss:
        optional: true
      tsx:
        optional: true
      yaml:
        optional: true

  prompts@2.4.2:
    resolution: {integrity: sha1-e1fnOzpIAprRDr1E90sBcipMsGk=, tarball: http://artifactory.intra.ke.com/artifactory/api/npm/npm-virtual/prompts/-/prompts-2.4.2.tgz}
    engines: {node: '>= 6'}

  readdirp@4.1.2:
    resolution: {integrity: sha1-64WAFDX78qfuWPGeCSGwaPxplI0=, tarball: http://artifactory.intra.ke.com/artifactory/api/npm/npm-virtual/readdirp/-/readdirp-4.1.2.tgz}
    engines: {node: '>= 14.18.0'}

  resolve-from@5.0.0:
    resolution: {integrity: sha1-w1IlhD3493bfIcV1V7wIfp39/Gk=, tarball: http://artifactory.intra.ke.com/artifactory/api/npm/npm-virtual/resolve-from/-/resolve-from-5.0.0.tgz}
    engines: {node: '>=8'}

  restore-cursor@5.1.0:
    resolution: {integrity: sha1-B2bZVpnvrLFBUJk/VbrwlT6h6+c=, tarball: http://artifactory.intra.ke.com/artifactory/api/npm/npm-virtual/restore-cursor/-/restore-cursor-5.1.0.tgz}
    engines: {node: '>=18'}

  rollup@4.57.1:
    resolution: {integrity: sha1-lH9wusoy2yucWUJn/pFQqjFuWog=, tarball: http://artifactory.intra.ke.com/artifactory/api/npm/npm-virtual/rollup/-/rollup-4.57.1.tgz}
    engines: {node: '>=18.0.0', npm: '>=8.0.0'}
    hasBin: true

  signal-exit@4.1.0:
    resolution: {integrity: sha1-lSGIwcvVRgcOLdIND0HArgUwywQ=, tarball: http://artifactory.intra.ke.com/artifactory/api/npm/npm-virtual/signal-exit/-/signal-exit-4.1.0.tgz}
    engines: {node: '>=14'}

  sisteransi@1.0.5:
    resolution: {integrity: sha1-E01oEpd1ZDfMBcoBNw06elcQde0=, tarball: http://artifactory.intra.ke.com/artifactory/api/npm/npm-virtual/sisteransi/-/sisteransi-1.0.5.tgz}

  source-map@0.7.6:
    resolution: {integrity: sha1-o2WKuH5bZCnIofO6AIPUxhyj7wI=, tarball: http://artifactory.intra.ke.com/artifactory/api/npm/npm-virtual/source-map/-/source-map-0.7.6.tgz}
    engines: {node: '>= 12'}

  stdin-discarder@0.3.1:
    resolution: {integrity: sha1-kqHnQecJJIhl0FYrt7q+hNNQrmo=, tarball: http://artifactory.intra.ke.com/artifactory/api/npm/npm-virtual/stdin-discarder/-/stdin-discarder-0.3.1.tgz}
    engines: {node: '>=18'}

  string-width@8.1.1:
    resolution: {integrity: sha1-m1qg33Lj8jJhHFf9R+tB3ZeGa9M=, tarball: http://artifactory.intra.ke.com/artifactory/api/npm/npm-virtual/string-width/-/string-width-8.1.1.tgz}
    engines: {node: '>=20'}

  strip-ansi@7.1.2:
    resolution: {integrity: sha1-Eyh1q95njH6o1pFTPy5+Irt0Tbo=, tarball: http://artifactory.intra.ke.com/artifactory/api/npm/npm-virtual/strip-ansi/-/strip-ansi-7.1.2.tgz}
    engines: {node: '>=12'}

  sucrase@3.35.1:
    resolution: {integrity: sha1-RhnqUDk/6L0K5QccJqvZsuNGv+E=, tarball: http://artifactory.intra.ke.com/artifactory/api/npm/npm-virtual/sucrase/-/sucrase-3.35.1.tgz}
    engines: {node: '>=16 || 14 >=14.17'}
    hasBin: true

  thenify-all@1.6.0:
    resolution: {integrity: sha1-GhkY1ALY/D+Y+/I02wvMjMEOlyY=, tarball: http://artifactory.intra.ke.com/artifactory/api/npm/npm-virtual/thenify-all/-/thenify-all-1.6.0.tgz}
    engines: {node: '>=0.8'}

  thenify@3.3.1:
    resolution: {integrity: sha1-iTLmhqQGYDigFt2eLKRq3Zg4qV8=, tarball: http://artifactory.intra.ke.com/artifactory/api/npm/npm-virtual/thenify/-/thenify-3.3.1.tgz}

  tinyexec@0.3.2:
    resolution: {integrity: sha1-lBeU5leoXklld5lcbu9m9T9Cs9I=, tarball: http://artifactory.intra.ke.com/artifactory/api/npm/npm-virtual/tinyexec/-/tinyexec-0.3.2.tgz}

  tinyglobby@0.2.15:
    resolution: {integrity: sha1-4ijdHmOM6pk9L9tPzS1GAqeZUcI=, tarball: http://artifactory.intra.ke.com/artifactory/api/npm/npm-virtual/tinyglobby/-/tinyglobby-0.2.15.tgz}
    engines: {node: '>=12.0.0'}

  tree-kill@1.2.2:
    resolution: {integrity: sha1-TKCakJLIi3OnzcXooBtQeweQoMw=, tarball: http://artifactory.intra.ke.com/artifactory/api/npm/npm-virtual/tree-kill/-/tree-kill-1.2.2.tgz}
    hasBin: true

  ts-interface-checker@0.1.13:
    resolution: {integrity: sha1-eE/T1nlyK8EDsbS4AwvN212yppk=, tarball: http://artifactory.intra.ke.com/artifactory/api/npm/npm-virtual/ts-interface-checker/-/ts-interface-checker-0.1.13.tgz}

  ts-node@10.9.2:
    resolution: {integrity: sha1-cPAhyeGFvM3Kgg4m3EE4BcEBxx8=, tarball: http://artifactory.intra.ke.com/artifactory/api/npm/npm-virtual/ts-node/-/ts-node-10.9.2.tgz}
    hasBin: true
    peerDependencies:
      '@swc/core': '>=1.2.50'
      '@swc/wasm': '>=1.2.50'
      '@types/node': '*'
      typescript: '>=2.7'
    peerDependenciesMeta:
      '@swc/core':
        optional: true
      '@swc/wasm':
        optional: true

  tsup@8.5.1:
    resolution: {integrity: sha1-qceodbkzRL33BgDe3XjnD4jsmmU=, tarball: http://artifactory.intra.ke.com/artifactory/api/npm/npm-virtual/tsup/-/tsup-8.5.1.tgz}
    engines: {node: '>=18'}
    hasBin: true
    peerDependencies:
      '@microsoft/api-extractor': ^7.36.0
      '@swc/core': ^1
      postcss: ^8.4.12
      typescript: '>=4.5.0'
    peerDependenciesMeta:
      '@microsoft/api-extractor':
        optional: true
      '@swc/core':
        optional: true
      postcss:
        optional: true
      typescript:
        optional: true

  typescript@5.9.3:
    resolution: {integrity: sha1-W09Z4VMQqxeiFvXWz1PuR27eZw8=, tarball: http://artifactory.intra.ke.com/artifactory/api/npm/npm-virtual/typescript/-/typescript-5.9.3.tgz}
    engines: {node: '>=14.17'}
    hasBin: true

  ufo@1.6.3:
    resolution: {integrity: sha1-eZZm5OiMEiqWWYBeMLncBxw67U8=, tarball: http://artifactory.intra.ke.com/artifactory/api/npm/npm-virtual/ufo/-/ufo-1.6.3.tgz}

  undici-types@7.16.0:
    resolution: {integrity: sha1-/8zf82rqSITL/OmnUKBYAiT1ikY=, tarball: http://artifactory.intra.ke.com/artifactory/api/npm/npm-virtual/undici-types/-/undici-types-7.16.0.tgz}

  universalify@2.0.1:
    resolution: {integrity: sha1-Fo78IYCWTmOG0GHglN9hr+I5sY0=, tarball: http://artifactory.intra.ke.com/artifactory/api/npm/npm-virtual/universalify/-/universalify-2.0.1.tgz}
    engines: {node: '>= 10.0.0'}

  v8-compile-cache-lib@3.0.1:
    resolution: {integrity: sha1-Yzbo1xllyz01obu3hoRFp8BSZL8=, tarball: http://artifactory.intra.ke.com/artifactory/api/npm/npm-virtual/v8-compile-cache-lib/-/v8-compile-cache-lib-3.0.1.tgz}

  yn@3.1.1:
    resolution: {integrity: sha1-HodAGgnXZ8HV6rJqbkwYUYLS61A=, tarball: http://artifactory.intra.ke.com/artifactory/api/npm/npm-virtual/yn/-/yn-3.1.1.tgz}
    engines: {node: '>=6'}

  yoctocolors@2.1.2:
    resolution: {integrity: sha1-15X1TRc0lOfY25MVDOwO1/Z4yDo=, tarball: http://artifactory.intra.ke.com/artifactory/api/npm/npm-virtual/yoctocolors/-/yoctocolors-2.1.2.tgz}
    engines: {node: '>=18'}

snapshots:

  '@cspotcode/source-map-support@0.8.1':
    dependencies:
      '@jridgewell/trace-mapping': 0.3.9

  '@esbuild/aix-ppc64@0.27.3':
    optional: true

  '@esbuild/android-arm64@0.27.3':
    optional: true

  '@esbuild/android-arm@0.27.3':
    optional: true

  '@esbuild/android-x64@0.27.3':
    optional: true

  '@esbuild/darwin-arm64@0.27.3':
    optional: true

  '@esbuild/darwin-x64@0.27.3':
    optional: true

  '@esbuild/freebsd-arm64@0.27.3':
    optional: true

  '@esbuild/freebsd-x64@0.27.3':
    optional: true

  '@esbuild/linux-arm64@0.27.3':
    optional: true

  '@esbuild/linux-arm@0.27.3':
    optional: true

  '@esbuild/linux-ia32@0.27.3':
    optional: true

  '@esbuild/linux-loong64@0.27.3':
    optional: true

  '@esbuild/linux-mips64el@0.27.3':
    optional: true

  '@esbuild/linux-ppc64@0.27.3':
    optional: true

  '@esbuild/linux-riscv64@0.27.3':
    optional: true

  '@esbuild/linux-s390x@0.27.3':
    optional: true

  '@esbuild/linux-x64@0.27.3':
    optional: true

  '@esbuild/netbsd-arm64@0.27.3':
    optional: true

  '@esbuild/netbsd-x64@0.27.3':
    optional: true

  '@esbuild/openbsd-arm64@0.27.3':
    optional: true

  '@esbuild/openbsd-x64@0.27.3':
    optional: true

  '@esbuild/openharmony-arm64@0.27.3':
    optional: true

  '@esbuild/sunos-x64@0.27.3':
    optional: true

  '@esbuild/win32-arm64@0.27.3':
    optional: true

  '@esbuild/win32-ia32@0.27.3':
    optional: true

  '@esbuild/win32-x64@0.27.3':
    optional: true

  '@jridgewell/gen-mapping@0.3.13':
    dependencies:
      '@jridgewell/sourcemap-codec': 1.5.5
      '@jridgewell/trace-mapping': 0.3.31

  '@jridgewell/resolve-uri@3.1.2': {}

  '@jridgewell/sourcemap-codec@1.5.5': {}

  '@jridgewell/trace-mapping@0.3.31':
    dependencies:
      '@jridgewell/resolve-uri': 3.1.2
      '@jridgewell/sourcemap-codec': 1.5.5

  '@jridgewell/trace-mapping@0.3.9':
    dependencies:
      '@jridgewell/resolve-uri': 3.1.2
      '@jridgewell/sourcemap-codec': 1.5.5

  '@rollup/rollup-android-arm-eabi@4.57.1':
    optional: true

  '@rollup/rollup-android-arm64@4.57.1':
    optional: true

  '@rollup/rollup-darwin-arm64@4.57.1':
    optional: true

  '@rollup/rollup-darwin-x64@4.57.1':
    optional: true

  '@rollup/rollup-freebsd-arm64@4.57.1':
    optional: true

  '@rollup/rollup-freebsd-x64@4.57.1':
    optional: true

  '@rollup/rollup-linux-arm-gnueabihf@4.57.1':
    optional: true

  '@rollup/rollup-linux-arm-musleabihf@4.57.1':
    optional: true

  '@rollup/rollup-linux-arm64-gnu@4.57.1':
    optional: true

  '@rollup/rollup-linux-arm64-musl@4.57.1':
    optional: true

  '@rollup/rollup-linux-loong64-gnu@4.57.1':
    optional: true

  '@rollup/rollup-linux-loong64-musl@4.57.1':
    optional: true

  '@rollup/rollup-linux-ppc64-gnu@4.57.1':
    optional: true

  '@rollup/rollup-linux-ppc64-musl@4.57.1':
    optional: true

  '@rollup/rollup-linux-riscv64-gnu@4.57.1':
    optional: true

  '@rollup/rollup-linux-riscv64-musl@4.57.1':
    optional: true

  '@rollup/rollup-linux-s390x-gnu@4.57.1':
    optional: true

  '@rollup/rollup-linux-x64-gnu@4.57.1':
    optional: true

  '@rollup/rollup-linux-x64-musl@4.57.1':
    optional: true

  '@rollup/rollup-openbsd-x64@4.57.1':
    optional: true

  '@rollup/rollup-openharmony-arm64@4.57.1':
    optional: true

  '@rollup/rollup-win32-arm64-msvc@4.57.1':
    optional: true

  '@rollup/rollup-win32-ia32-msvc@4.57.1':
    optional: true

  '@rollup/rollup-win32-x64-gnu@4.57.1':
    optional: true

  '@rollup/rollup-win32-x64-msvc@4.57.1':
    optional: true

  '@tsconfig/node10@1.0.12': {}

  '@tsconfig/node12@1.0.11': {}

  '@tsconfig/node14@1.0.3': {}

  '@tsconfig/node16@1.0.4': {}

  '@types/estree@1.0.8': {}

  '@types/fs-extra@11.0.4':
    dependencies:
      '@types/jsonfile': 6.1.4
      '@types/node': 25.2.1

  '@types/jsonfile@6.1.4':
    dependencies:
      '@types/node': 25.2.1

  '@types/node@25.2.1':
    dependencies:
      undici-types: 7.16.0

  '@types/prompts@2.4.9':
    dependencies:
      '@types/node': 25.2.1
      kleur: 3.0.3

  acorn-walk@8.3.4:
    dependencies:
      acorn: 8.15.0

  acorn@8.15.0: {}

  ansi-regex@6.2.2: {}

  any-promise@1.3.0: {}

  arg@4.1.3: {}

  bundle-require@5.1.0(esbuild@0.27.3):
    dependencies:
      esbuild: 0.27.3
      load-tsconfig: 0.2.5

  cac@6.7.14: {}

  chalk@5.6.2: {}

  chokidar@4.0.3:
    dependencies:
      readdirp: 4.1.2

  cli-cursor@5.0.0:
    dependencies:
      restore-cursor: 5.1.0

  cli-spinners@3.4.0: {}

  commander@14.0.3: {}

  commander@4.1.1: {}

  confbox@0.1.8: {}

  consola@3.4.2: {}

  create-require@1.1.1: {}

  debug@4.4.3:
    dependencies:
      ms: 2.1.3

  diff@4.0.4: {}

  esbuild@0.27.3:
    optionalDependencies:
      '@esbuild/aix-ppc64': 0.27.3
      '@esbuild/android-arm': 0.27.3
      '@esbuild/android-arm64': 0.27.3
      '@esbuild/android-x64': 0.27.3
      '@esbuild/darwin-arm64': 0.27.3
      '@esbuild/darwin-x64': 0.27.3
      '@esbuild/freebsd-arm64': 0.27.3
      '@esbuild/freebsd-x64': 0.27.3
      '@esbuild/linux-arm': 0.27.3
      '@esbuild/linux-arm64': 0.27.3
      '@esbuild/linux-ia32': 0.27.3
      '@esbuild/linux-loong64': 0.27.3
      '@esbuild/linux-mips64el': 0.27.3
      '@esbuild/linux-ppc64': 0.27.3
      '@esbuild/linux-riscv64': 0.27.3
      '@esbuild/linux-s390x': 0.27.3
      '@esbuild/linux-x64': 0.27.3
      '@esbuild/netbsd-arm64': 0.27.3
      '@esbuild/netbsd-x64': 0.27.3
      '@esbuild/openbsd-arm64': 0.27.3
      '@esbuild/openbsd-x64': 0.27.3
      '@esbuild/openharmony-arm64': 0.27.3
      '@esbuild/sunos-x64': 0.27.3
      '@esbuild/win32-arm64': 0.27.3
      '@esbuild/win32-ia32': 0.27.3
      '@esbuild/win32-x64': 0.27.3

  fdir@6.5.0(picomatch@4.0.3):
    optionalDependencies:
      picomatch: 4.0.3

  figlet@1.10.0:
    dependencies:
      commander: 14.0.3

  fix-dts-default-cjs-exports@1.0.1:
    dependencies:
      magic-string: 0.30.21
      mlly: 1.8.0
      rollup: 4.57.1

  fs-extra@11.3.3:
    dependencies:
      graceful-fs: 4.2.11
      jsonfile: 6.2.0
      universalify: 2.0.1

  fsevents@2.3.3:
    optional: true

  get-east-asian-width@1.4.0: {}

  giget@3.1.2: {}

  graceful-fs@4.2.11: {}

  is-interactive@2.0.0: {}

  is-unicode-supported@2.1.0: {}

  joycon@3.1.1: {}

  jsonfile@6.2.0:
    dependencies:
      universalify: 2.0.1
    optionalDependencies:
      graceful-fs: 4.2.11

  kleur@3.0.3: {}

  lilconfig@3.1.3: {}

  lines-and-columns@1.2.4: {}

  load-tsconfig@0.2.5: {}

  log-symbols@7.0.1:
    dependencies:
      is-unicode-supported: 2.1.0
      yoctocolors: 2.1.2

  magic-string@0.30.21:
    dependencies:
      '@jridgewell/sourcemap-codec': 1.5.5

  make-error@1.3.6: {}

  mimic-function@5.0.1: {}

  mlly@1.8.0:
    dependencies:
      acorn: 8.15.0
      pathe: 2.0.3
      pkg-types: 1.3.1
      ufo: 1.6.3

  ms@2.1.3: {}

  mz@2.7.0:
    dependencies:
      any-promise: 1.3.0
      object-assign: 4.1.1
      thenify-all: 1.6.0

  object-assign@4.1.1: {}

  onetime@7.0.0:
    dependencies:
      mimic-function: 5.0.1

  ora@9.3.0:
    dependencies:
      chalk: 5.6.2
      cli-cursor: 5.0.0
      cli-spinners: 3.4.0
      is-interactive: 2.0.0
      is-unicode-supported: 2.1.0
      log-symbols: 7.0.1
      stdin-discarder: 0.3.1
      string-width: 8.1.1

  pathe@2.0.3: {}

  picocolors@1.1.1: {}

  picomatch@4.0.3: {}

  pirates@4.0.7: {}

  pkg-types@1.3.1:
    dependencies:
      confbox: 0.1.8
      mlly: 1.8.0
      pathe: 2.0.3

  postcss-load-config@6.0.1:
    dependencies:
      lilconfig: 3.1.3

  prompts@2.4.2:
    dependencies:
      kleur: 3.0.3
      sisteransi: 1.0.5

  readdirp@4.1.2: {}

  resolve-from@5.0.0: {}

  restore-cursor@5.1.0:
    dependencies:
      onetime: 7.0.0
      signal-exit: 4.1.0

  rollup@4.57.1:
    dependencies:
      '@types/estree': 1.0.8
    optionalDependencies:
      '@rollup/rollup-android-arm-eabi': 4.57.1
      '@rollup/rollup-android-arm64': 4.57.1
      '@rollup/rollup-darwin-arm64': 4.57.1
      '@rollup/rollup-darwin-x64': 4.57.1
      '@rollup/rollup-freebsd-arm64': 4.57.1
      '@rollup/rollup-freebsd-x64': 4.57.1
      '@rollup/rollup-linux-arm-gnueabihf': 4.57.1
      '@rollup/rollup-linux-arm-musleabihf': 4.57.1
      '@rollup/rollup-linux-arm64-gnu': 4.57.1
      '@rollup/rollup-linux-arm64-musl': 4.57.1
      '@rollup/rollup-linux-loong64-gnu': 4.57.1
      '@rollup/rollup-linux-loong64-musl': 4.57.1
      '@rollup/rollup-linux-ppc64-gnu': 4.57.1
      '@rollup/rollup-linux-ppc64-musl': 4.57.1
      '@rollup/rollup-linux-riscv64-gnu': 4.57.1
      '@rollup/rollup-linux-riscv64-musl': 4.57.1
      '@rollup/rollup-linux-s390x-gnu': 4.57.1
      '@rollup/rollup-linux-x64-gnu': 4.57.1
      '@rollup/rollup-linux-x64-musl': 4.57.1
      '@rollup/rollup-openbsd-x64': 4.57.1
      '@rollup/rollup-openharmony-arm64': 4.57.1
      '@rollup/rollup-win32-arm64-msvc': 4.57.1
      '@rollup/rollup-win32-ia32-msvc': 4.57.1
      '@rollup/rollup-win32-x64-gnu': 4.57.1
      '@rollup/rollup-win32-x64-msvc': 4.57.1
      fsevents: 2.3.3

  signal-exit@4.1.0: {}

  sisteransi@1.0.5: {}

  source-map@0.7.6: {}

  stdin-discarder@0.3.1: {}

  string-width@8.1.1:
    dependencies:
      get-east-asian-width: 1.4.0
      strip-ansi: 7.1.2

  strip-ansi@7.1.2:
    dependencies:
      ansi-regex: 6.2.2

  sucrase@3.35.1:
    dependencies:
      '@jridgewell/gen-mapping': 0.3.13
      commander: 4.1.1
      lines-and-columns: 1.2.4
      mz: 2.7.0
      pirates: 4.0.7
      tinyglobby: 0.2.15
      ts-interface-checker: 0.1.13

  thenify-all@1.6.0:
    dependencies:
      thenify: 3.3.1

  thenify@3.3.1:
    dependencies:
      any-promise: 1.3.0

  tinyexec@0.3.2: {}

  tinyglobby@0.2.15:
    dependencies:
      fdir: 6.5.0(picomatch@4.0.3)
      picomatch: 4.0.3

  tree-kill@1.2.2: {}

  ts-interface-checker@0.1.13: {}

  ts-node@10.9.2(@types/node@25.2.1)(typescript@5.9.3):
    dependencies:
      '@cspotcode/source-map-support': 0.8.1
      '@tsconfig/node10': 1.0.12
      '@tsconfig/node12': 1.0.11
      '@tsconfig/node14': 1.0.3
      '@tsconfig/node16': 1.0.4
      '@types/node': 25.2.1
      acorn: 8.15.0
      acorn-walk: 8.3.4
      arg: 4.1.3
      create-require: 1.1.1
      diff: 4.0.4
      make-error: 1.3.6
      typescript: 5.9.3
      v8-compile-cache-lib: 3.0.1
      yn: 3.1.1

  tsup@8.5.1(typescript@5.9.3):
    dependencies:
      bundle-require: 5.1.0(esbuild@0.27.3)
      cac: 6.7.14
      chokidar: 4.0.3
      consola: 3.4.2
      debug: 4.4.3
      esbuild: 0.27.3
      fix-dts-default-cjs-exports: 1.0.1
      joycon: 3.1.1
      picocolors: 1.1.1
      postcss-load-config: 6.0.1
      resolve-from: 5.0.0
      rollup: 4.57.1
      source-map: 0.7.6
      sucrase: 3.35.1
      tinyexec: 0.3.2
      tinyglobby: 0.2.15
      tree-kill: 1.2.2
    optionalDependencies:
      typescript: 5.9.3
    transitivePeerDependencies:
      - jiti
      - supports-color
      - tsx
      - yaml

  typescript@5.9.3: {}

  ufo@1.6.3: {}

  undici-types@7.16.0: {}

  universalify@2.0.1: {}

  v8-compile-cache-lib@3.0.1: {}

  yn@3.1.1: {}

  yoctocolors@2.1.2: {}
